PODS:
  - CYLTabBarController (1.24.1):
    - CYLTabBarController/Core (= 1.24.1)
  - CYLTabBarController/Core (1.24.1)
  - FDFullscreenPopGesture (1.1)
  - RTRootNavigationController (0.7.1):
    - RTRootNavigationController/Core (= 0.7.1)
  - RTRootNavigationController/Core (0.7.1)

DEPENDENCIES:
  - CYLTabBarController
  - FDFullscreenPopGesture
  - RTRootNavigationController

SPEC REPOS:
  https://github.com/cocoapods/specs.git:
    - CYLTabBarController
    - FDFullscreenPopGesture
    - RTRootNavigationController

SPEC CHECKSUMS:
  CYLTabBarController: 46fa053a2fb165095e04792431ad91a759bb7f9f
  FDFullscreenPopGesture: a8a620179e3d9c40e8e00256dcee1c1a27c6d0f0
  RTRootNavigationController: afa6913402be26f8326f7f37fc1550aa67baddcc

PODFILE CHECKSUM: b5c64f9e549ba046f8a0088ab76492b4ec5aa559

COCOAPODS: 1.6.1
